
Microsoft Visual Studio Solution File, Format Version 12.00
# Visual Studio Version 17
VisualStudioVersion = 17.3.32901.215
MinimumVisualStudioVersion = 10.0.40219.1
Project("{FAE04EC0-301F-11D3-BF4B-00C04F79EFBC}") = "SberTest", "SberTest\SberTest.csproj", "{F21F7E11-9175-491C-A2E6-A789619D6C1B}"
EndProject
Global
	GlobalSection(SolutionConfigurationPlatforms) = preSolution
		Debug|Any CPU = Debug|Any CPU
		Release|Any CPU = Release|Any CPU
	EndGlobalSection
	GlobalSection(ProjectConfigurationPlatforms) = postSolution
		{F21F7E11-9175-491C-A2E6-A789619D6C1B}.Debug|Any CPU.ActiveCfg = Debug|Any CPU
		{F21F7E11-9175-491C-A2E6-A789619D6C1B}.Debug|Any CPU.Build.0 = Debug|Any CPU
		{F21F7E11-9175-491C-A2E6-A789619D6C1B}.Release|Any CPU.ActiveCfg = Release|Any CPU
		{F21F7E11-9175-491C-A2E6-A789619D6C1B}.Release|Any CPU.Build.0 = Release|Any CPU
	EndGlobalSection
	GlobalSection(SolutionProperties) = preSolution
		HideSolutionNode = FALSE
	EndGlobalSection
	GlobalSection(ExtensibilityGlobals) = postSolution
		SolutionGuid = {5BA85721-D0B4-4C18-813C-48AEA532D171}
	EndGlobalSection
EndGlobal
